// !$*UTF8*$!
{
	archiveVersion = 1;
	classes = {
	};
	objectVersion = 46;
	objects = {

/* Begin PBXBuildFile section */
		043B28711EA8129B00B4CEA2 /* AppDelegate.swift in Sources */ = {isa = PBXBuildFile; fileRef = 043B28701EA8129B00B4CEA2 /* AppDelegate.swift */; };
		043B28761EA8129B00B4CEA2 /* Main.storyboard in Resources */ = {isa = PBXBuildFile; fileRef = 043B28741EA8129B00B4CEA2 /* Main.storyboard */; };
		043B28781EA8129B00B4CEA2 /* Assets.xcassets in Resources */ = {isa = PBXBuildFile; fileRef = 043B28771EA8129B00B4CEA2 /* Assets.xcassets */; };
		043B28881EA816B400B4CEA2 /* GameOverView.swift in Sources */ = {isa = PBXBuildFile; fileRef = 043B28821EA816B400B4CEA2 /* GameOverView.swift */; };
		043B28891EA816B400B4CEA2 /* GameView.swift in Sources */ = {isa = PBXBuildFile; fileRef = 043B28831EA816B400B4CEA2 /* GameView.swift */; };
		043B288A1EA816B400B4CEA2 /* GameViewController.swift in Sources */ = {isa = PBXBuildFile; fileRef = 043B28841EA816B400B4CEA2 /* GameViewController.swift */; };
		043B288B1EA816B400B4CEA2 /* HighScoreView.swift in Sources */ = {isa = PBXBuildFile; fileRef = 043B28851EA816B400B4CEA2 /* HighScoreView.swift */; };
		043B288C1EA816B400B4CEA2 /* MainMenuView.swift in Sources */ = {isa = PBXBuildFile; fileRef = 043B28861EA816B400B4CEA2 /* MainMenuView.swift */; };
		043B288D1EA816B400B4CEA2 /* GameView.sks in Resources */ = {isa = PBXBuildFile; fileRef = 043B28871EA816B400B4CEA2 /* GameView.sks */; };
		043B288F1EA819BA00B4CEA2 /* Default-568h@2x.png in Resources */ = {isa = PBXBuildFile; fileRef = 043B288E1EA819BA00B4CEA2 /* Default-568h@2x.png */; };
/* End PBXBuildFile section */

/* Begin PBXFileReference section */
		043B286D1EA8129B00B4CEA2 /* Project F - Vertical Shooter - Candace Wilson.app */ = {isa = PBXFileReference; explicitFileType = wrapper.application; includeInIndex = 0; path = "Project F - Vertical Shooter - Candace Wilson.app"; sourceTree = BUILT_PRODUCTS_DIR; };
		043B28701EA8129B00B4CEA2 /* AppDelegate.swift */ = {isa = PBXFileReference; lastKnownFileType = sourcecode.swift; path = AppDelegate.swift; sourceTree = "<group>"; };
		043B28751EA8129B00B4CEA2 /* Base */ = {isa = PBXFileReference; lastKnownFileType = file.storyboard; name = Base; path = Base.lproj/Main.storyboard; sourceTree = "<group>"; };
		043B28771EA8129B00B4CEA2 /* Assets.xcassets */ = {isa = PBXFileReference; lastKnownFileType = folder.assetcatalog; path = Assets.xcassets; sourceTree = "<group>"; };
		043B287C1EA8129B00B4CEA2 /* Info.plist */ = {isa = PBXFileReference; lastKnownFileType = text.plist.xml; path = Info.plist; sourceTree = "<group>"; };
		043B28821EA816B400B4CEA2 /* GameOverView.swift */ = {isa = PBXFileReference; fileEncoding = 4; lastKnownFileType = sourcecode.swift; path = GameOverView.swift; sourceTree = "<group>"; };
		043B28831EA816B400B4CEA2 /* GameView.swift */ = {isa = PBXFileReference; fileEncoding = 4; lastKnownFileType = sourcecode.swift; path = GameView.swift; sourceTree = "<group>"; };
		043B28841EA816B400B4CEA2 /* GameViewController.swift */ = {isa = PBXFileReference; fileEncoding = 4; lastKnownFileType = sourcecode.swift; path = GameViewController.swift; sourceTree = "<group>"; };
		043B28851EA816B400B4CEA2 /* HighScoreView.swift */ = {isa = PBXFileReference; fileEncoding = 4; lastKnownFileType = sourcecode.swift; path = HighScoreView.swift; sourceTree = "<group>"; };
		043B28861EA816B400B4CEA2 /* MainMenuView.swift */ = {isa = PBXFileReference; fileEncoding = 4; lastKnownFileType = sourcecode.swift; path = MainMenuView.swift; sourceTree = "<group>"; };
		043B28871EA816B400B4CEA2 /* GameView.sks */ = {isa = PBXFileReference; lastKnownFileType = file.sks; path = GameView.sks; sourceTree = "<group>"; };
		043B288E1EA819BA00B4CEA2 /* Default-568h@2x.png */ = {isa = PBXFileReference; lastKnownFileType = image.png; path = "Default-568h@2x.png"; sourceTree = SOURCE_ROOT; };
/* End PBXFileReference section */

/* Begin PBXFrameworksBuildPhase section */
		043B286A1EA8129B00B4CEA2 /* Frameworks */ = {
			isa = PBXFrameworksBuildPhase;
			buildActionMask = 2147483647;
			files = (
			);
			runOnlyForDeploymentPostprocessing = 0;
		};
/* End PBXFrameworksBuildPhase section */

/* Begin PBXGroup section */
		043B28641EA8129B00B4CEA2 = {
			isa = PBXGroup;
			children = (
				043B286F1EA8129B00B4CEA2 /* Project F - Vertical Shooter - Candace Wilson */,
				043B286E1EA8129B00B4CEA2 /* Products */,
			);
			sourceTree = "<group>";
		};
		043B286E1EA8129B00B4CEA2 /* Products */ = {
			isa = PBXGroup;
			children = (
				043B286D1EA8129B00B4CEA2 /* Project F - Vertical Shooter - Candace Wilson.app */,
			);
			name = Products;
			sourceTree = "<group>";
		};
		043B286F1EA8129B00B4CEA2 /* Project F - Vertical Shooter - Candace Wilson */ = {
			isa = PBXGroup;
			children = (
				043B28701EA8129B00B4CEA2 /* AppDelegate.swift */,
				043B28821EA816B400B4CEA2 /* GameOverView.swift */,
				043B28831EA816B400B4CEA2 /* GameView.swift */,
				043B28871EA816B400B4CEA2 /* GameView.sks */,
				043B28841EA816B400B4CEA2 /* GameViewController.swift */,
				043B28851EA816B400B4CEA2 /* HighScoreView.swift */,
				043B28861EA816B400B4CEA2 /* MainMenuView.swift */,
				043B28741EA8129B00B4CEA2 /* Main.storyboard */,
				043B287C1EA8129B00B4CEA2 /* Info.plist */,
				043B288E1EA819BA00B4CEA2 /* Default-568h@2x.png */,
				043B28771EA8129B00B4CEA2 /* Assets.xcassets */,
			);
			path = "Project F - Vertical Shooter - Candace Wilson";
			sourceTree = "<group>";
		};
/* End PBXGroup section */

/* Begin PBXNativeTarget section */
		043B286C1EA8129B00B4CEA2 /* Project F - Vertical Shooter - Candace Wilson */ = {
			isa = PBXNativeTarget;
			buildConfigurationList = 043B287F1EA8129B00B4CEA2 /* Build configuration list for PBXNativeTarget "Project F - Vertical Shooter - Candace Wilson" */;
			buildPhases = (
				043B28691EA8129B00B4CEA2 /* Sources */,
				043B286A1EA8129B00B4CEA2 /* Frameworks */,
				043B286B1EA8129B00B4CEA2 /* Resources */,
			);
			buildRules = (
			);
			dependencies = (
			);
			name = "Project F - Vertical Shooter - Candace Wilson";
			productName = "Project F - Vertical Shooter - Candace Wilson";
			productReference = 043B286D1EA8129B00B4CEA2 /* Project F - Vertical Shooter - Candace Wilson.app */;
			productType = "com.apple.product-type.application";
		};
/* End PBXNativeTarget section */

/* Begin PBXProject section */
		043B28651EA8129B00B4CEA2 /* Project object */ = {
			isa = PBXProject;
			attributes = {
				LastSwiftUpdateCheck = 0830;
				LastUpgradeCheck = 0830;
				ORGANIZATIONNAME = "Candace Wilson";
				TargetAttributes = {
					043B286C1EA8129B00B4CEA2 = {
						CreatedOnToolsVersion = 8.3.1;
						ProvisioningStyle = Automatic;
					};
				};
			};
			buildConfigurationList = 043B28681EA8129B00B4CEA2 /* Build configuration list for PBXProject "Project F - Vertical Shooter - Candace Wilson" */;
			compatibilityVersion = "Xcode 3.2";
			developmentRegion = English;
			hasScannedForEncodings = 0;
			knownRegions = (
				en,
				Base,
			);
			mainGroup = 043B28641EA8129B00B4CEA2;
			productRefGroup = 043B286E1EA8129B00B4CEA2 /* Products */;
			projectDirPath = "";
			projectRoot = "";
			targets = (
				043B286C1EA8129B00B4CEA2 /* Project F - Vertical Shooter - Candace Wilson */,
			);
		};
/* End PBXProject section */

/* Begin PBXResourcesBuildPhase section */
		043B286B1EA8129B00B4CEA2 /* Resources */ = {
			isa = PBXResourcesBuildPhase;
			buildActionMask = 2147483647;
			files = (
				043B288D1EA816B400B4CEA2 /* GameView.sks in Resources */,
				043B288F1EA819BA00B4CEA2 /* Default-568h@2x.png in Resources */,
				043B28781EA8129B00B4CEA2 /* Assets.xcassets in Resources */,
				043B28761EA8129B00B4CEA2 /* Main.storyboard in Resources */,
			);
			runOnlyForDeploymentPostprocessing = 0;
		};
/* End PBXResourcesBuildPhase section */

/* Begin PBXSourcesBuildPhase section */
		043B28691EA8129B00B4CEA2 /* Sources */ = {
			isa = PBXSourcesBuildPhase;
			buildActionMask = 2147483647;
			files = (
				043B288A1EA816B400B4CEA2 /* GameViewController.swift in Sources */,
				043B28881EA816B400B4CEA2 /* GameOverView.swift in Sources */,
				043B288B1EA816B400B4CEA2 /* HighScoreView.swift in Sources */,
				043B28891EA816B400B4CEA2 /* GameView.swift in Sources */,
				043B288C1EA816B400B4CEA2 /* MainMenuView.swift in Sources */,
				043B28711EA8129B00B4CEA2 /* AppDelegate.swift in Sources */,
			);
			runOnlyForDeploymentPostprocessing = 0;
		};
/* End PBXSourcesBuildPhase section */

/* Begin PBXVariantGroup section */
		043B28741EA8129B00B4CEA2 /* Main.storyboard */ = {
			isa = PBXVariantGroup;
			children = (
				043B28751EA8129B00B4CEA2 /* Base */,
			);
			name = Main.storyboard;
			sourceTree = "<group>";
		};
/* End PBXVariantGroup section */

/* Begin XCBuildConfiguration section */
		043B287D1EA8129B00B4CEA2 /* Debug */ = {
			isa = XCBuildConfiguration;
			buildSettings = {
				ALWAYS_SEARCH_USER_PATHS = NO;
				CLANG_ANALYZER_NONNULL = YES;
				CLANG_ANALYZER_NUMBER_OBJECT_CONVERSION = YES_AGGRESSIVE;
				CLANG_CXX_LANGUAGE_STANDARD = "gnu++0x";
				CLANG_CXX_LIBRARY = "libc++";
				CLANG_ENABLE_MODULES = YES;
				CLANG_ENABLE_OBJC_ARC = YES;
				CLANG_WARN_BOOL_CONVERSION = YES;
				CLANG_WARN_CONSTANT_CONVERSION = YES;
				CLANG_WARN_DIRECT_OBJC_ISA_USAGE = YES_ERROR;
				CLANG_WARN_DOCUMENTATION_COMMENTS = YES;
				CLANG_WARN_EMPTY_BODY = YES;
				CLANG_WARN_ENUM_CONVERSION = YES;
				CLANG_WARN_INFINITE_RECURSION = YES;
				CLANG_WARN_INT_CONVERSION = YES;
				CLANG_WARN_OBJC_ROOT_CLASS = YES_ERROR;
				CLANG_WARN_SUSPICIOUS_MOVE = YES;
				CLANG_WARN_UNREACHABLE_CODE = YES;
				CLANG_WARN__DUPLICATE_METHOD_MATCH = YES;
				"CODE_SIGN_IDENTITY[sdk=iphoneos*]" = "iPhone Developer";
				COPY_PHASE_STRIP = NO;
				DEBUG_INFORMATION_FORMAT = dwarf;
				ENABLE_STRICT_OBJC_MSGSEND = YES;
				ENABLE_TESTABILITY = YES;
				GCC_C_LANGUAGE_STANDARD = gnu99;
				GCC_DYNAMIC_NO_PIC = NO;
				GCC_NO_COMMON_BLOCKS = YES;
				GCC_OPTIMIZATION_LEVEL = 0;
				GCC_PREPROCESSOR_DEFINITIONS = (
					"DEBUG=1",
					"$(inherited)",
				);
				GCC_WARN_64_TO_32_BIT_CONVERSION = YES;
				GCC_WARN_ABOUT_RETURN_TYPE = YES_ERROR;
				GCC_WARN_UNDECLARED_SELECTOR = YES;
				GCC_WARN_UNINITIALIZED_AUTOS = YES_AGGRESSIVE;
				GCC_WARN_UNUSED_FUNCTION = YES;
				GCC_WARN_UNUSED_VARIABLE = YES;
				IPHONEOS_DEPLOYMENT_TARGET = 10.3;
				MTL_ENABLE_DEBUG_INFO = YES;
				ONLY_ACTIVE_ARCH = YES;
				SDKROOT = iphoneos;
				SWIFT_ACTIVE_COMPILATION_CONDITIONS = DEBUG;
				SWIFT_OPTIMIZATION_LEVEL = "-Onone";
				TARGETED_DEVICE_FAMILY = "1,2";
			};
			name = Debug;
		};
		043B287E1EA8129B00B4CEA2 /* Release */ = {
			isa = XCBuildConfiguration;
			buildSettings = {
				ALWAYS_SEARCH_USER_PATHS = NO;
				CLANG_ANALYZER_NONNULL = YES;
				CLANG_ANALYZER_NUMBER_OBJECT_CONVERSION = YES_AGGRESSIVE;
				CLANG_CXX_LANGUAGE_STANDARD = "gnu++0x";
				CLANG_CXX_LIBRARY = "libc++";
				CLANG_ENABLE_MODULES = YES;
				CLANG_ENABLE_OBJC_ARC = YES;
				CLANG_WARN_BOOL_CONVERSION = YES;
				CLANG_WARN_CONSTANT_CONVERSION = YES;
				CLANG_WARN_DIRECT_OBJC_ISA_USAGE = YES_ERROR;
				CLANG_WARN_DOCUMENTATION_COMMENTS = YES;
				CLANG_WARN_EMPTY_BODY = YES;
				CLANG_WARN_ENUM_CONVERSION = YES;
				CLANG_WARN_INFINITE_RECURSION = YES;
				CLANG_WARN_INT_CONVERSION = YES;
				CLANG_WARN_OBJC_ROOT_CLASS = YES_ERROR;
				CLANG_WARN_SUSPICIOUS_MOVE = YES;
				CLANG_WARN_UNREACHABLE_CODE = YES;
				CLANG_WARN__DUPLICATE_METHOD_MATCH = YES;
				"CODE_SIGN_IDENTITY[sdk=iphoneos*]" = "iPhone Developer";
				COPY_PHASE_STRIP = NO;
				DEBUG_INFORMATION_FORMAT = "dwarf-with-dsym";
				ENABLE_NS_ASSERTIONS = NO;
				ENABLE_STRICT_OBJC_MSGSEND = YES;
				GCC_C_LANGUAGE_STANDARD = gnu99;
				GCC_NO_COMMON_BLOCKS = YES;
				GCC_WARN_64_TO_32_BIT_CONVERSION = YES;
				GCC_WARN_ABOUT_RETURN_TYPE = YES_ERROR;
				GCC_WARN_UNDECLARED_SELECTOR = YES;
				GCC_WARN_UNINITIALIZED_AUTOS = YES_AGGRESSIVE;
				GCC_WARN_UNUSED_FUNCTION = YES;
				GCC_WARN_UNUSED_VARIABLE = YES;
				IPHONEOS_DEPLOYMENT_TARGET = 10.3;
				MTL_ENABLE_DEBUG_INFO = NO;
				SDKROOT = iphoneos;
				SWIFT_OPTIMIZATION_LEVEL = "-Owholemodule";
				TARGETED_DEVICE_FAMILY = "1,2";
				VALIDATE_PRODUCT = YES;
			};
			name = Release;
		};
		043B28801EA8129B00B4CEA2 /* Debug */ = {
			isa = XCBuildConfiguration;
			buildSettings = {
				ASSETCATALOG_COMPILER_APPICON_NAME = AppIcon;
				INFOPLIST_FILE = "Project F - Vertical Shooter - Candace Wilson/Info.plist";
				LD_RUNPATH_SEARCH_PATHS = "$(inherited) @executable_path/Frameworks";
				PRODUCT_BUNDLE_IDENTIFIER = "edu.utah.cs4530.Project-F---Vertical-Shooter---Candace-Wilson";
				PRODUCT_NAME = "$(TARGET_NAME)";
				SWIFT_VERSION = 3.0;
			};
			name = Debug;
		};
		043B28811EA8129B00B4CEA2 /* Release */ = {
			isa = XCBuildConfiguration;
			buildSettings = {
				ASSETCATALOG_COMPILER_APPICON_NAME = AppIcon;
				INFOPLIST_FILE = "Project F - Vertical Shooter - Candace Wilson/Info.plist";
				LD_RUNPATH_SEARCH_PATHS = "$(inherited) @executable_path/Frameworks";
				PRODUCT_BUNDLE_IDENTIFIER = "edu.utah.cs4530.Project-F---Vertical-Shooter---Candace-Wilson";
				PRODUCT_NAME = "$(TARGET_NAME)";
				SWIFT_VERSION = 3.0;
			};
			name = Release;
		};
/* End XCBuildConfiguration section */

/* Begin XCConfigurationList section */
		043B28681EA8129B00B4CEA2 /* Build configuration list for PBXProject "Project F - Vertical Shooter - Candace Wilson" */ = {
			isa = XCConfigurationList;
			buildConfigurations = (
				043B287D1EA8129B00B4CEA2 /* Debug */,
				043B287E1EA8129B00B4CEA2 /* Release */,
			);
			defaultConfigurationIsVisible = 0;
			defaultConfigurationName = Release;
		};
		043B287F1EA8129B00B4CEA2 /* Build configuration list for PBXNativeTarget "Project F - Vertical Shooter - Candace Wilson" */ = {
			isa = XCConfigurationList;
			buildConfigurations = (
				043B28801EA8129B00B4CEA2 /* Debug */,
				043B28811EA8129B00B4CEA2 /* Release */,
			);
			defaultConfigurationIsVisible = 0;
			defaultConfigurationName = Release;
		};
/* End XCConfigurationList section */
	};
	rootObject = 043B28651EA8129B00B4CEA2 /* Project object */;
}
